
Microsoft Visual Studio Solution File, Format Version 12.00
# Visual Studio Version 16
VisualStudioVersion = 16.0.30128.74
MinimumVisualStudioVersion = 10.0.40219.1
Project("{FAE04EC0-301F-11D3-BF4B-00C04F79EFBC}") = "FiltfiltSharp", "FiltfiltSharp\FiltfiltSharp.csproj", "{AFE0D38B-9B55-45B8-AF20-AA8A12671E8B}"
EndProject
Project("{FAE04EC0-301F-11D3-BF4B-00C04F79EFBC}") = "FiltfiltExample", "FiltfiltExample\FiltfiltExample.csproj", "{2BDF86F3-0FD0-4E2E-AD97-764B3AD4DCEB}"
EndProject
Global
	GlobalSection(SolutionConfigurationPlatforms) = preSolution
		Debug|Any CPU = Debug|Any CPU
		Release|Any CPU = Release|Any CPU
	EndGlobalSection
	GlobalSection(ProjectConfigurationPlatforms) = postSolution
		{AFE0D38B-9B55-45B8-AF20-AA8A12671E8B}.Debug|Any CPU.ActiveCfg = Debug|Any CPU
		{AFE0D38B-9B55-45B8-AF20-AA8A12671E8B}.Debug|Any CPU.Build.0 = Debug|Any CPU
		{AFE0D38B-9B55-45B8-AF20-AA8A12671E8B}.Release|Any CPU.ActiveCfg = Release|Any CPU
		{AFE0D38B-9B55-45B8-AF20-AA8A12671E8B}.Release|Any CPU.Build.0 = Release|Any CPU
		{2BDF86F3-0FD0-4E2E-AD97-764B3AD4DCEB}.Debug|Any CPU.ActiveCfg = Debug|Any CPU
		{2BDF86F3-0FD0-4E2E-AD97-764B3AD4DCEB}.Debug|Any CPU.Build.0 = Debug|Any CPU
		{2BDF86F3-0FD0-4E2E-AD97-764B3AD4DCEB}.Release|Any CPU.ActiveCfg = Release|Any CPU
		{2BDF86F3-0FD0-4E2E-AD97-764B3AD4DCEB}.Release|Any CPU.Build.0 = Release|Any CPU
	EndGlobalSection
	GlobalSection(SolutionProperties) = preSolution
		HideSolutionNode = FALSE
	EndGlobalSection
	GlobalSection(ExtensibilityGlobals) = postSolution
		SolutionGuid = {5BFF3075-010C-4714-A7B3-5F866554D096}
	EndGlobalSection
EndGlobal
